# THIS IS AN AUTOGENERATED FILE. DO NOT EDIT THIS FILE DIRECTLY.
# yarn lockfile v1


now@^12.1.8:
  version "12.1.8"
  resolved "https://registry.yarnpkg.com/now/-/now-12.1.8.tgz#934564db3335d5574d10ceb36587a31ad302722e"
  integrity sha512-k70riQBeMUawyTpgkryifzw54A1uJpsUW8Oy5EXRhymwPxUc4oL6ciMIqNLW8LUqFOf/8cdd00K35eoYBxy31A==
